
Microsoft Visual Studio Solution File, Format Version 12.00
# Visual Studio 15
VisualStudioVersion = 15.0.26430.6
MinimumVisualStudioVersion = 10.0.40219.1
Project("{FAE04EC0-301F-11D3-BF4B-00C04F79EFBC}") = "L2RBot", "WpfApp2\L2RBot.csproj", "{FFC0CA68-4EC9-473C-A0E9-6F0D3B2A3D37}"
EndProject
Project("{FAE04EC0-301F-11D3-BF4B-00C04F79EFBC}") = "NHotkey.Wpf", "..\NHotkey-master\NHotkey.Wpf\NHotkey.Wpf.csproj", "{1A22762D-A928-431C-B916-F5ED6DA94C11}"
EndProject
Project("{FAE04EC0-301F-11D3-BF4B-00C04F79EFBC}") = "NHotkey", "..\NHotkey-master\NHotkey\NHotkey.csproj", "{324D364C-BF69-4B87-BE83-26935B9F0783}"
EndProject
Global
	GlobalSection(SolutionConfigurationPlatforms) = preSolution
		Debug|Any CPU = Debug|Any CPU
		Release|Any CPU = Release|Any CPU
	EndGlobalSection
	GlobalSection(ProjectConfigurationPlatforms) = postSolution
		{FFC0CA68-4EC9-473C-A0E9-6F0D3B2A3D37}.Debug|Any CPU.ActiveCfg = Debug|Any CPU
		{FFC0CA68-4EC9-473C-A0E9-6F0D3B2A3D37}.Debug|Any CPU.Build.0 = Debug|Any CPU
		{FFC0CA68-4EC9-473C-A0E9-6F0D3B2A3D37}.Release|Any CPU.ActiveCfg = Release|Any CPU
		{FFC0CA68-4EC9-473C-A0E9-6F0D3B2A3D37}.Release|Any CPU.Build.0 = Release|Any CPU
		{1A22762D-A928-431C-B916-F5ED6DA94C11}.Debug|Any CPU.ActiveCfg = Debug|Any CPU
		{1A22762D-A928-431C-B916-F5ED6DA94C11}.Debug|Any CPU.Build.0 = Debug|Any CPU
		{1A22762D-A928-431C-B916-F5ED6DA94C11}.Release|Any CPU.ActiveCfg = Release|Any CPU
		{1A22762D-A928-431C-B916-F5ED6DA94C11}.Release|Any CPU.Build.0 = Release|Any CPU
		{324D364C-BF69-4B87-BE83-26935B9F0783}.Debug|Any CPU.ActiveCfg = Debug|Any CPU
		{324D364C-BF69-4B87-BE83-26935B9F0783}.Debug|Any CPU.Build.0 = Debug|Any CPU
		{324D364C-BF69-4B87-BE83-26935B9F0783}.Release|Any CPU.ActiveCfg = Release|Any CPU
		{324D364C-BF69-4B87-BE83-26935B9F0783}.Release|Any CPU.Build.0 = Release|Any CPU
	EndGlobalSection
	GlobalSection(SolutionProperties) = preSolution
		HideSolutionNode = FALSE
	EndGlobalSection
EndGlobal
